dependencies:
- name: redis
  repository: oci://registry-1.docker.io/bitnamicharts
  version: 18.19.4
- name: postgresql
  repository: oci://registry-1.docker.io/bitnamicharts
  version: 12.12.10
- name: postgresql-ha
  repository: oci://registry-1.docker.io/bitnamicharts
  version: 11.9.8
- name: mariadb
  repository: oci://registry-1.docker.io/bitnamicharts
  version: 13.1.3
- name: rabbitmq
  repository: oci://registry-1.docker.io/bitnamicharts
  version: 12.15.0
- name: common
  repository: oci://registry-1.docker.io/bitnamicharts
  version: 2.23.0
- name: prometheus
  repository: oci://registry-1.docker.io/bitnamicharts
  version: 1.3.22
- name: grafana-mimir
  repository: oci://registry-1.docker.io/bitnamicharts
  version: 1.2.17
- name: grafana-tempo
  repository: oci://registry-1.docker.io/bitnamicharts
  version: 3.7.10
- name: grafana-loki
  repository: oci://registry-1.docker.io/bitnamicharts
  version: 4.6.16
- name: opentelemetry-collector
  repository: https://open-telemetry.github.io/opentelemetry-helm-charts
  version: 0.106.1
digest: sha256:7ecbd5865261a0db3337b56e149d1126b7527e4305522d3095fc7ccbd1f54a49
generated: "2024-09-23T12:31:11.331385-05:00"
